
Microsoft Visual Studio Solution File, Format Version 12.00
# Visual Studio Version 17
VisualStudioVersion = 17.1.32414.318
MinimumVisualStudioVersion = 10.0.40219.1
Project("{FAE04EC0-301F-11D3-BF4B-00C04F79EFBC}") = "APBD7.1", "APBD7.1.csproj", "{4AAC8956-E870-4566-94CC-2AAA30526DB6}"
EndProject
Global
	GlobalSection(SolutionConfigurationPlatforms) = preSolution
		Debug|Any CPU = Debug|Any CPU
		Release|Any CPU = Release|Any CPU
	EndGlobalSection
	GlobalSection(ProjectConfigurationPlatforms) = postSolution
		{4AAC8956-E870-4566-94CC-2AAA30526DB6}.Debug|Any CPU.ActiveCfg = Debug|Any CPU
		{4AAC8956-E870-4566-94CC-2AAA30526DB6}.Debug|Any CPU.Build.0 = Debug|Any CPU
		{4AAC8956-E870-4566-94CC-2AAA30526DB6}.Release|Any CPU.ActiveCfg = Release|Any CPU
		{4AAC8956-E870-4566-94CC-2AAA30526DB6}.Release|Any CPU.Build.0 = Release|Any CPU
	EndGlobalSection
	GlobalSection(SolutionProperties) = preSolution
		HideSolutionNode = FALSE
	EndGlobalSection
	GlobalSection(ExtensibilityGlobals) = postSolution
		SolutionGuid = {AE3B01DE-7436-45C2-AEAA-598E7985EE87}
	EndGlobalSection
EndGlobal
